
Microsoft Visual Studio Solution File, Format Version 12.00
# Visual Studio Version 17
VisualStudioVersion = 17.8.34330.188
MinimumVisualStudioVersion = 10.0.40219.1
Project("{2150E333-8FDC-42A3-9474-1A3956D46DE8}") = "src", "src", "{46F4D121-D9A0-4015-91E2-0F29F13B1A5C}"
EndProject
Project("{9A19103F-16F7-4668-BE54-9A1E7A4F7556}") = "CleanArchitecture.BlogManagement.Core", "src\CleanArchitecture.BlogManagement.Core\CleanArchitecture.BlogManagement.Core.csproj", "{572886E9-7E8B-41C9-925E-F415497F1A74}"
EndProject
Project("{9A19103F-16F7-4668-BE54-9A1E7A4F7556}") = "CleanArchitecture.BlogManagement.Application", "src\CleanArchitecture.BlogManagement.Application\CleanArchitecture.BlogManagement.Application.csproj", "{DA6567BE-A525-4A01-8C73-C38E1C09F7D5}"
EndProject
Project("{9A19103F-16F7-4668-BE54-9A1E7A4F7556}") = "CleanArchitecture.BlogManagement.Infrastructure", "src\CleanArchitecture.BlogManagement.Infrastructure\CleanArchitecture.BlogManagement.Infrastructure.csproj", "{E89EA025-7D26-4F41-A015-CACB4267C2D8}"
EndProject
Project("{9A19103F-16F7-4668-BE54-9A1E7A4F7556}") = "CleanArchitecture.BlogManagement.WebApi", "src\CleanArchitecture.BlogManagement.WebApi\CleanArchitecture.BlogManagement.WebApi.csproj", "{3A0F7D7E-AF12-4523-9E0D-D1C323FE9FA8}"
EndProject
Project("{E53339B2-1760-4266-BCC7-CA923CBCF16C}") = "docker-compose", "docker-compose.dcproj", "{F016FB47-8BDB-4E80-B8D8-D82FDCF54689}"
EndProject
Project("{2150E333-8FDC-42A3-9474-1A3956D46DE8}") = "Solution Items", "Solution Items", "{1458BC0E-0893-4DCB-AECE-1F9736E8DC41}"
	ProjectSection(SolutionItems) = preProject
		Directory.Packages.props = Directory.Packages.props
	EndProjectSection
EndProject
Project("{2150E333-8FDC-42A3-9474-1A3956D46DE8}") = "tests", "tests", "{2A49BBCA-6949-4FC3-B517-78B5C7492EAD}"
EndProject
Project("{FAE04EC0-301F-11D3-BF4B-00C04F79EFBC}") = "CleanArchitecture.BlogManagement.Core.UnitTest", "tests\CleanArchitecture.BlogManagement.Core.UnitTest\CleanArchitecture.BlogManagement.Core.UnitTest.csproj", "{10FE1D01-8328-40D2-8280-FD0B05186EC4}"
EndProject
Project("{FAE04EC0-301F-11D3-BF4B-00C04F79EFBC}") = "SharedKernel", "src\SharedKarnel\SharedKernel.csproj", "{FE21952C-572D-43BA-96B5-BDC9A1AEC52C}"
EndProject
Global
	GlobalSection(SolutionConfigurationPlatforms) = preSolution
		Debug|Any CPU = Debug|Any CPU
		Debug|x64 = Debug|x64
		Debug|x86 = Debug|x86
		Release|Any CPU = Release|Any CPU
		Release|x64 = Release|x64
		Release|x86 = Release|x86
	EndGlobalSection
	GlobalSection(ProjectConfigurationPlatforms) = postSolution
		{572886E9-7E8B-41C9-925E-F415497F1A74}.Debug|Any CPU.ActiveCfg = Debug|Any CPU
		{572886E9-7E8B-41C9-925E-F415497F1A74}.Debug|Any CPU.Build.0 = Debug|Any CPU
		{572886E9-7E8B-41C9-925E-F415497F1A74}.Debug|x64.ActiveCfg = Debug|Any CPU
		{572886E9-7E8B-41C9-925E-F415497F1A74}.Debug|x64.Build.0 = Debug|Any CPU
		{572886E9-7E8B-41C9-925E-F415497F1A74}.Debug|x86.ActiveCfg = Debug|Any CPU
		{572886E9-7E8B-41C9-925E-F415497F1A74}.Debug|x86.Build.0 = Debug|Any CPU
		{572886E9-7E8B-41C9-925E-F415497F1A74}.Release|Any CPU.ActiveCfg = Release|Any CPU
		{572886E9-7E8B-41C9-925E-F415497F1A74}.Release|Any CPU.Build.0 = Release|Any CPU
		{572886E9-7E8B-41C9-925E-F415497F1A74}.Release|x64.ActiveCfg = Release|Any CPU
		{572886E9-7E8B-41C9-925E-F415497F1A74}.Release|x64.Build.0 = Release|Any CPU
		{572886E9-7E8B-41C9-925E-F415497F1A74}.Release|x86.ActiveCfg = Release|Any CPU
		{572886E9-7E8B-41C9-925E-F415497F1A74}.Release|x86.Build.0 = Release|Any CPU
		{DA6567BE-A525-4A01-8C73-C38E1C09F7D5}.Debug|Any CPU.ActiveCfg = Debug|Any CPU
		{DA6567BE-A525-4A01-8C73-C38E1C09F7D5}.Debug|Any CPU.Build.0 = Debug|Any CPU
		{DA6567BE-A525-4A01-8C73-C38E1C09F7D5}.Debug|x64.ActiveCfg = Debug|Any CPU
		{DA6567BE-A525-4A01-8C73-C38E1C09F7D5}.Debug|x64.Build.0 = Debug|Any CPU
		{DA6567BE-A525-4A01-8C73-C38E1C09F7D5}.Debug|x86.ActiveCfg = Debug|Any CPU
		{DA6567BE-A525-4A01-8C73-C38E1C09F7D5}.Debug|x86.Build.0 = Debug|Any CPU
		{DA6567BE-A525-4A01-8C73-C38E1C09F7D5}.Release|Any CPU.ActiveCfg = Release|Any CPU
		{DA6567BE-A525-4A01-8C73-C38E1C09F7D5}.Release|Any CPU.Build.0 = Release|Any CPU
		{DA6567BE-A525-4A01-8C73-C38E1C09F7D5}.Release|x64.ActiveCfg = Release|Any CPU
		{DA6567BE-A525-4A01-8C73-C38E1C09F7D5}.Release|x64.Build.0 = Release|Any CPU
		{DA6567BE-A525-4A01-8C73-C38E1C09F7D5}.Release|x86.ActiveCfg = Release|Any CPU
		{DA6567BE-A525-4A01-8C73-C38E1C09F7D5}.Release|x86.Build.0 = Release|Any CPU
		{E89EA025-7D26-4F41-A015-CACB4267C2D8}.Debug|Any CPU.ActiveCfg = Debug|Any CPU
		{E89EA025-7D26-4F41-A015-CACB4267C2D8}.Debug|Any CPU.Build.0 = Debug|Any CPU
		{E89EA025-7D26-4F41-A015-CACB4267C2D8}.Debug|x64.ActiveCfg = Debug|Any CPU
		{E89EA025-7D26-4F41-A015-CACB4267C2D8}.Debug|x64.Build.0 = Debug|Any CPU
		{E89EA025-7D26-4F41-A015-CACB4267C2D8}.Debug|x86.ActiveCfg = Debug|Any CPU
		{E89EA025-7D26-4F41-A015-CACB4267C2D8}.Debug|x86.Build.0 = Debug|Any CPU
		{E89EA025-7D26-4F41-A015-CACB4267C2D8}.Release|Any CPU.ActiveCfg = Release|Any CPU
		{E89EA025-7D26-4F41-A015-CACB4267C2D8}.Release|Any CPU.Build.0 = Release|Any CPU
		{E89EA025-7D26-4F41-A015-CACB4267C2D8}.Release|x64.ActiveCfg = Release|Any CPU
		{E89EA025-7D26-4F41-A015-CACB4267C2D8}.Release|x64.Build.0 = Release|Any CPU
		{E89EA025-7D26-4F41-A015-CACB4267C2D8}.Release|x86.ActiveCfg = Release|Any CPU
		{E89EA025-7D26-4F41-A015-CACB4267C2D8}.Release|x86.Build.0 = Release|Any CPU
		{3A0F7D7E-AF12-4523-9E0D-D1C323FE9FA8}.Debug|Any CPU.ActiveCfg = Debug|Any CPU
		{3A0F7D7E-AF12-4523-9E0D-D1C323FE9FA8}.Debug|Any CPU.Build.0 = Debug|Any CPU
		{3A0F7D7E-AF12-4523-9E0D-D1C323FE9FA8}.Debug|x64.ActiveCfg = Debug|Any CPU
		{3A0F7D7E-AF12-4523-9E0D-D1C323FE9FA8}.Debug|x64.Build.0 = Debug|Any CPU
		{3A0F7D7E-AF12-4523-9E0D-D1C323FE9FA8}.Debug|x86.ActiveCfg = Debug|Any CPU
		{3A0F7D7E-AF12-4523-9E0D-D1C323FE9FA8}.Debug|x86.Build.0 = Debug|Any CPU
		{3A0F7D7E-AF12-4523-9E0D-D1C323FE9FA8}.Release|Any CPU.ActiveCfg = Release|Any CPU
		{3A0F7D7E-AF12-4523-9E0D-D1C323FE9FA8}.Release|Any CPU.Build.0 = Release|Any CPU
		{3A0F7D7E-AF12-4523-9E0D-D1C323FE9FA8}.Release|x64.ActiveCfg = Release|Any CPU
		{3A0F7D7E-AF12-4523-9E0D-D1C323FE9FA8}.Release|x64.Build.0 = Release|Any CPU
		{3A0F7D7E-AF12-4523-9E0D-D1C323FE9FA8}.Release|x86.ActiveCfg = Release|Any CPU
		{3A0F7D7E-AF12-4523-9E0D-D1C323FE9FA8}.Release|x86.Build.0 = Release|Any CPU
		{F016FB47-8BDB-4E80-B8D8-D82FDCF54689}.Debug|Any CPU.ActiveCfg = Debug|Any CPU
		{F016FB47-8BDB-4E80-B8D8-D82FDCF54689}.Debug|Any CPU.Build.0 = Debug|Any CPU
		{F016FB47-8BDB-4E80-B8D8-D82FDCF54689}.Debug|x64.ActiveCfg = Debug|Any CPU
		{F016FB47-8BDB-4E80-B8D8-D82FDCF54689}.Debug|x64.Build.0 = Debug|Any CPU
		{F016FB47-8BDB-4E80-B8D8-D82FDCF54689}.Debug|x86.ActiveCfg = Debug|Any CPU
		{F016FB47-8BDB-4E80-B8D8-D82FDCF54689}.Debug|x86.Build.0 = Debug|Any CPU
		{F016FB47-8BDB-4E80-B8D8-D82FDCF54689}.Release|Any CPU.ActiveCfg = Release|Any CPU
		{F016FB47-8BDB-4E80-B8D8-D82FDCF54689}.Release|Any CPU.Build.0 = Release|Any CPU
		{F016FB47-8BDB-4E80-B8D8-D82FDCF54689}.Release|x64.ActiveCfg = Release|Any CPU
		{F016FB47-8BDB-4E80-B8D8-D82FDCF54689}.Release|x64.Build.0 = Release|Any CPU
		{F016FB47-8BDB-4E80-B8D8-D82FDCF54689}.Release|x86.ActiveCfg = Release|Any CPU
		{F016FB47-8BDB-4E80-B8D8-D82FDCF54689}.Release|x86.Build.0 = Release|Any CPU
		{10FE1D01-8328-40D2-8280-FD0B05186EC4}.Debug|Any CPU.ActiveCfg = Debug|Any CPU
		{10FE1D01-8328-40D2-8280-FD0B05186EC4}.Debug|Any CPU.Build.0 = Debug|Any CPU
		{10FE1D01-8328-40D2-8280-FD0B05186EC4}.Debug|x64.ActiveCfg = Debug|Any CPU
		{10FE1D01-8328-40D2-8280-FD0B05186EC4}.Debug|x64.Build.0 = Debug|Any CPU
		{10FE1D01-8328-40D2-8280-FD0B05186EC4}.Debug|x86.ActiveCfg = Debug|Any CPU
		{10FE1D01-8328-40D2-8280-FD0B05186EC4}.Debug|x86.Build.0 = Debug|Any CPU
		{10FE1D01-8328-40D2-8280-FD0B05186EC4}.Release|Any CPU.ActiveCfg = Release|Any CPU
		{10FE1D01-8328-40D2-8280-FD0B05186EC4}.Release|Any CPU.Build.0 = Release|Any CPU
		{10FE1D01-8328-40D2-8280-FD0B05186EC4}.Release|x64.ActiveCfg = Release|Any CPU
		{10FE1D01-8328-40D2-8280-FD0B05186EC4}.Release|x64.Build.0 = Release|Any CPU
		{10FE1D01-8328-40D2-8280-FD0B05186EC4}.Release|x86.ActiveCfg = Release|Any CPU
		{10FE1D01-8328-40D2-8280-FD0B05186EC4}.Release|x86.Build.0 = Release|Any CPU
		{FE21952C-572D-43BA-96B5-BDC9A1AEC52C}.Debug|Any CPU.ActiveCfg = Debug|Any CPU
		{FE21952C-572D-43BA-96B5-BDC9A1AEC52C}.Debug|Any CPU.Build.0 = Debug|Any CPU
		{FE21952C-572D-43BA-96B5-BDC9A1AEC52C}.Debug|x64.ActiveCfg = Debug|Any CPU
		{FE21952C-572D-43BA-96B5-BDC9A1AEC52C}.Debug|x64.Build.0 = Debug|Any CPU
		{FE21952C-572D-43BA-96B5-BDC9A1AEC52C}.Debug|x86.ActiveCfg = Debug|Any CPU
		{FE21952C-572D-43BA-96B5-BDC9A1AEC52C}.Debug|x86.Build.0 = Debug|Any CPU
		{FE21952C-572D-43BA-96B5-BDC9A1AEC52C}.Release|Any CPU.ActiveCfg = Release|Any CPU
		{FE21952C-572D-43BA-96B5-BDC9A1AEC52C}.Release|Any CPU.Build.0 = Release|Any CPU
		{FE21952C-572D-43BA-96B5-BDC9A1AEC52C}.Release|x64.ActiveCfg = Release|Any CPU
		{FE21952C-572D-43BA-96B5-BDC9A1AEC52C}.Release|x64.Build.0 = Release|Any CPU
		{FE21952C-572D-43BA-96B5-BDC9A1AEC52C}.Release|x86.ActiveCfg = Release|Any CPU
		{FE21952C-572D-43BA-96B5-BDC9A1AEC52C}.Release|x86.Build.0 = Release|Any CPU
	EndGlobalSection
	GlobalSection(SolutionProperties) = preSolution
		HideSolutionNode = FALSE
	EndGlobalSection
	GlobalSection(NestedProjects) = preSolution
		{572886E9-7E8B-41C9-925E-F415497F1A74} = {46F4D121-D9A0-4015-91E2-0F29F13B1A5C}
		{DA6567BE-A525-4A01-8C73-C38E1C09F7D5} = {46F4D121-D9A0-4015-91E2-0F29F13B1A5C}
		{E89EA025-7D26-4F41-A015-CACB4267C2D8} = {46F4D121-D9A0-4015-91E2-0F29F13B1A5C}
		{3A0F7D7E-AF12-4523-9E0D-D1C323FE9FA8} = {46F4D121-D9A0-4015-91E2-0F29F13B1A5C}
		{10FE1D01-8328-40D2-8280-FD0B05186EC4} = {2A49BBCA-6949-4FC3-B517-78B5C7492EAD}
		{FE21952C-572D-43BA-96B5-BDC9A1AEC52C} = {46F4D121-D9A0-4015-91E2-0F29F13B1A5C}
	EndGlobalSection
	GlobalSection(ExtensibilityGlobals) = postSolution
		SolutionGuid = {63885979-BB53-4537-BA1A-3CE745131852}
	EndGlobalSection
EndGlobal
